
Microsoft Visual Studio Solution File, Format Version 12.00
# Visual Studio Version 17
VisualStudioVersion = 17.13.35931.197
MinimumVisualStudioVersion = 10.0.40219.1
Project("{FAE04EC0-301F-11D3-BF4B-00C04F79EFBC}") = "Isthmus.Produtos.Api", "Isthmus.Produtos.Api\Isthmus.Produtos.Api.csproj", "{36F13696-E9BE-4B22-B574-DC9FEA532F81}"
EndProject
Project("{FAE04EC0-301F-11D3-BF4B-00C04F79EFBC}") = "Application", "Application\Application.csproj", "{A50F853F-9B79-40B4-9A43-E10D1F6F1509}"
EndProject
Project("{FAE04EC0-301F-11D3-BF4B-00C04F79EFBC}") = "Domain", "Domain\Domain.csproj", "{BEB0CB47-3047-4598-9B2C-5076A724C0BF}"
EndProject
Project("{FAE04EC0-301F-11D3-BF4B-00C04F79EFBC}") = "Infrastructure", "Infrastructure\Infrastructure.csproj", "{89C55A13-E6DF-4E32-BCD7-073F0D10EBAF}"
EndProject
Project("{FAE04EC0-301F-11D3-BF4B-00C04F79EFBC}") = "Tests", "Tests\Tests.csproj", "{A2D9A4D4-0BA4-4883-8CBA-2FEC2EB799E3}"
EndProject
Global
	GlobalSection(SolutionConfigurationPlatforms) = preSolution
		Debug|Any CPU = Debug|Any CPU
		Release|Any CPU = Release|Any CPU
	EndGlobalSection
	GlobalSection(ProjectConfigurationPlatforms) = postSolution
		{36F13696-E9BE-4B22-B574-DC9FEA532F81}.Debug|Any CPU.ActiveCfg = Debug|Any CPU
		{36F13696-E9BE-4B22-B574-DC9FEA532F81}.Debug|Any CPU.Build.0 = Debug|Any CPU
		{36F13696-E9BE-4B22-B574-DC9FEA532F81}.Release|Any CPU.ActiveCfg = Release|Any CPU
		{36F13696-E9BE-4B22-B574-DC9FEA532F81}.Release|Any CPU.Build.0 = Release|Any CPU
		{A50F853F-9B79-40B4-9A43-E10D1F6F1509}.Debug|Any CPU.ActiveCfg = Debug|Any CPU
		{A50F853F-9B79-40B4-9A43-E10D1F6F1509}.Debug|Any CPU.Build.0 = Debug|Any CPU
		{A50F853F-9B79-40B4-9A43-E10D1F6F1509}.Release|Any CPU.ActiveCfg = Release|Any CPU
		{A50F853F-9B79-40B4-9A43-E10D1F6F1509}.Release|Any CPU.Build.0 = Release|Any CPU
		{BEB0CB47-3047-4598-9B2C-5076A724C0BF}.Debug|Any CPU.ActiveCfg = Debug|Any CPU
		{BEB0CB47-3047-4598-9B2C-5076A724C0BF}.Debug|Any CPU.Build.0 = Debug|Any CPU
		{BEB0CB47-3047-4598-9B2C-5076A724C0BF}.Release|Any CPU.ActiveCfg = Release|Any CPU
		{BEB0CB47-3047-4598-9B2C-5076A724C0BF}.Release|Any CPU.Build.0 = Release|Any CPU
		{89C55A13-E6DF-4E32-BCD7-073F0D10EBAF}.Debug|Any CPU.ActiveCfg = Debug|Any CPU
		{89C55A13-E6DF-4E32-BCD7-073F0D10EBAF}.Debug|Any CPU.Build.0 = Debug|Any CPU
		{89C55A13-E6DF-4E32-BCD7-073F0D10EBAF}.Release|Any CPU.ActiveCfg = Release|Any CPU
		{89C55A13-E6DF-4E32-BCD7-073F0D10EBAF}.Release|Any CPU.Build.0 = Release|Any CPU
		{A2D9A4D4-0BA4-4883-8CBA-2FEC2EB799E3}.Debug|Any CPU.ActiveCfg = Debug|Any CPU
		{A2D9A4D4-0BA4-4883-8CBA-2FEC2EB799E3}.Debug|Any CPU.Build.0 = Debug|Any CPU
		{A2D9A4D4-0BA4-4883-8CBA-2FEC2EB799E3}.Release|Any CPU.ActiveCfg = Release|Any CPU
		{A2D9A4D4-0BA4-4883-8CBA-2FEC2EB799E3}.Release|Any CPU.Build.0 = Release|Any CPU
	EndGlobalSection
	GlobalSection(SolutionProperties) = preSolution
		HideSolutionNode = FALSE
	EndGlobalSection
	GlobalSection(ExtensibilityGlobals) = postSolution
		SolutionGuid = {ACA050E9-77BB-47E8-B5D9-94621A162A64}
	EndGlobalSection
EndGlobal
